
Microsoft Visual Studio Solution File, Format Version 12.00
# Visual Studio 15
VisualStudioVersion = 15.0.28307.136
MinimumVisualStudioVersion = 10.0.40219.1
Project("{8BC9CEB8-8B4A-11D0-8D11-00A0C91BC942}") = "Chapter1练习", "Chapter1练习\Chapter1练习.vcxproj", "{734CFBF4-9E05-49AE-93E2-26771D06EB1E}"
EndProject
Global
	GlobalSection(SolutionConfigurationPlatforms) = preSolution
		Debug|x64 = Debug|x64
		Debug|x86 = Debug|x86
		Release|x64 = Release|x64
		Release|x86 = Release|x86
	EndGlobalSection
	GlobalSection(ProjectConfigurationPlatforms) = postSolution
		{734CFBF4-9E05-49AE-93E2-26771D06EB1E}.Debug|x64.ActiveCfg = Debug|x64
		{734CFBF4-9E05-49AE-93E2-26771D06EB1E}.Debug|x64.Build.0 = Debug|x64
		{734CFBF4-9E05-49AE-93E2-26771D06EB1E}.Debug|x86.ActiveCfg = Debug|Win32
		{734CFBF4-9E05-49AE-93E2-26771D06EB1E}.Debug|x86.Build.0 = Debug|Win32
		{734CFBF4-9E05-49AE-93E2-26771D06EB1E}.Release|x64.ActiveCfg = Release|x64
		{734CFBF4-9E05-49AE-93E2-26771D06EB1E}.Release|x64.Build.0 = Release|x64
		{734CFBF4-9E05-49AE-93E2-26771D06EB1E}.Release|x86.ActiveCfg = Release|Win32
		{734CFBF4-9E05-49AE-93E2-26771D06EB1E}.Release|x86.Build.0 = Release|Win32
	EndGlobalSection
	GlobalSection(SolutionProperties) = preSolution
		HideSolutionNode = FALSE
	EndGlobalSection
	GlobalSection(ExtensibilityGlobals) = postSolution
		SolutionGuid = {E336DCAF-2A99-4AF6-82B8-AAE041870580}
	EndGlobalSection
EndGlobal
